
Microsoft Visual Studio Solution File, Format Version 12.00
# Visual Studio Version 17
VisualStudioVersion = 17.9.34723.18
MinimumVisualStudioVersion = 10.0.40219.1
Project("{FAE04EC0-301F-11D3-BF4B-00C04F79EFBC}") = "RevenueWebApp", "RevenueWebApp\RevenueWebApp.csproj", "{68A76AF0-F714-452F-AE14-36511DD2AA0F}"
EndProject
Global
	GlobalSection(SolutionConfigurationPlatforms) = preSolution
		Debug|Any CPU = Debug|Any CPU
		Release|Any CPU = Release|Any CPU
	EndGlobalSection
	GlobalSection(ProjectConfigurationPlatforms) = postSolution
		{68A76AF0-F714-452F-AE14-36511DD2AA0F}.Debug|Any CPU.ActiveCfg = Debug|Any CPU
		{68A76AF0-F714-452F-AE14-36511DD2AA0F}.Debug|Any CPU.Build.0 = Debug|Any CPU
		{68A76AF0-F714-452F-AE14-36511DD2AA0F}.Release|Any CPU.ActiveCfg = Release|Any CPU
		{68A76AF0-F714-452F-AE14-36511DD2AA0F}.Release|Any CPU.Build.0 = Release|Any CPU
	EndGlobalSection
	GlobalSection(SolutionProperties) = preSolution
		HideSolutionNode = FALSE
	EndGlobalSection
	GlobalSection(ExtensibilityGlobals) = postSolution
		SolutionGuid = {1FCD919C-4822-4C95-A17D-EFDBC7A56ED3}
	EndGlobalSection
EndGlobal
